
Microsoft Visual Studio Solution File, Format Version 12.00
# Visual Studio 15
VisualStudioVersion = 15.0.27130.2027
MinimumVisualStudioVersion = 10.0.40219.1
Project("{FAE04EC0-301F-11D3-BF4B-00C04F79EFBC}") = "deviceProvisioningServiceSample", "deviceProvisioningServiceSample\deviceProvisioningServiceSample.csproj", "{10A23702-2758-4272-882A-423228CBFD9E}"
EndProject
Global
	GlobalSection(SolutionConfigurationPlatforms) = preSolution
		Debug|Any CPU = Debug|Any CPU
		Release|Any CPU = Release|Any CPU
	EndGlobalSection
	GlobalSection(ProjectConfigurationPlatforms) = postSolution
		{10A23702-2758-4272-882A-423228CBFD9E}.Debug|Any CPU.ActiveCfg = Debug|Any CPU
		{10A23702-2758-4272-882A-423228CBFD9E}.Debug|Any CPU.Build.0 = Debug|Any CPU
		{10A23702-2758-4272-882A-423228CBFD9E}.Release|Any CPU.ActiveCfg = Release|Any CPU
		{10A23702-2758-4272-882A-423228CBFD9E}.Release|Any CPU.Build.0 = Release|Any CPU
	EndGlobalSection
	GlobalSection(SolutionProperties) = preSolution
		HideSolutionNode = FALSE
	EndGlobalSection
	GlobalSection(ExtensibilityGlobals) = postSolution
		SolutionGuid = {247C60CC-482B-46CF-A9CB-DDC977C7B7FD}
	EndGlobalSection
EndGlobal
